
Microsoft Visual Studio Solution File, Format Version 10.00
# Visual Studio 2008
Project("{FAE04EC0-301F-11D3-BF4B-00C04F79EFBC}") = "NoName.NetShop.BackFlat", "NoName.NetShop.BackFlat\NoName.NetShop.BackFlat.csproj", "{63143058-448C-4D2C-A38A-BB24351E66BF}"
EndProject
Project("{FAE04EC0-301F-11D3-BF4B-00C04F79EFBC}") = "NoName.Utility", "NoName.Utility\NoName.Utility.csproj", "{E0634851-F221-461E-9C14-F71011119CC6}"
EndProject
Project("{FAE04EC0-301F-11D3-BF4B-00C04F79EFBC}") = "NoName.NetShop.CMS", "NoName.NetShop.CMS\NoName.NetShop.CMS.csproj", "{D617F1CC-CA38-4D1E-97D2-5AB3D75352FD}"
EndProject
Project("{FAE04EC0-301F-11D3-BF4B-00C04F79EFBC}") = "NoName.NetShop.Product", "NoName.NetShop.Product\NoName.NetShop.Product.csproj", "{9D56D4A2-A88C-4354-AABB-02F33E688238}"
EndProject
Project("{FAE04EC0-301F-11D3-BF4B-00C04F79EFBC}") = "NoName.Security", "NoName.NetShop.Security\NoName.Security.csproj", "{FB5E556B-020E-4DA0-89E9-18DC4D0B28D0}"
EndProject
Project("{FAE04EC0-301F-11D3-BF4B-00C04F79EFBC}") = "NoName.NetShop.Common", "NoName.NetShop.Comm\NoName.NetShop.Common.csproj", "{29A4BE47-9ADF-443F-913D-6CCEAD2DD752}"
EndProject
Project("{FAE04EC0-301F-11D3-BF4B-00C04F79EFBC}") = "NoName.NetShop.SearchIndex", "NoName.NetShop.SearchIndex\NoName.NetShop.SearchIndex.csproj", "{9174CA78-8C26-4EC9-B327-F8A4D9D66495}"
EndProject
Project("{FAE04EC0-301F-11D3-BF4B-00C04F79EFBC}") = "NoName.NetShop.Member", "NoName.NetShop.Member\NoName.NetShop.Member.csproj", "{94CA0650-A9A9-4778-A74A-6516D36A4D19}"
EndProject
Project("{FAE04EC0-301F-11D3-BF4B-00C04F79EFBC}") = "NoName.NetShop.ForeFlat", "NoName.NetShop.ForeFlat\NoName.NetShop.ForeFlat.csproj", "{6173CE29-5A4A-4E5B-B471-8F54D84560D0}"
EndProject
Project("{FAE04EC0-301F-11D3-BF4B-00C04F79EFBC}") = "NoName.NetShop.ShopFlow", "NoName.NetShop.ShopFlow\NoName.NetShop.ShopFlow.csproj", "{8D7CC678-4587-4678-813E-142B507DC2AC}"
EndProject
Project("{FAE04EC0-301F-11D3-BF4B-00C04F79EFBC}") = "NoName.NetShop.News", "NoName.NetShop.News\NoName.NetShop.News.csproj", "{6B1F4013-2FBB-4521-A36E-A0247FE0ED92}"
EndProject
Project("{FAE04EC0-301F-11D3-BF4B-00C04F79EFBC}") = "NoName.NetShop.MagicWorld", "NoName.NetShop.MagicWorld\NoName.NetShop.MagicWorld.csproj", "{71EBF181-74BC-4876-9BB4-1FBB0A524398}"
EndProject
Project("{FAE04EC0-301F-11D3-BF4B-00C04F79EFBC}") = "NoName.NetShop.Comment", "NoName.NetShop.Comment\NoName.NetShop.Comment.csproj", "{41C3EAC7-BED3-4F38-9A51-F09111882773}"
EndProject
Project("{FAE04EC0-301F-11D3-BF4B-00C04F79EFBC}") = "NoName.NetShop.IMMessage", "NoName.NetShop.IMMessage\NoName.NetShop.IMMessage.csproj", "{44BE5878-2751-44BE-872F-3033F560324A}"
EndProject
Project("{FAE04EC0-301F-11D3-BF4B-00C04F79EFBC}") = "NoName.NetShop.Vote", "NoName.NetShop.Vote\NoName.NetShop.Vote.csproj", "{041966F9-B3F1-4A07-8501-5EF8B650EAFB}"
EndProject
Project("{FAE04EC0-301F-11D3-BF4B-00C04F79EFBC}") = "NoName.NetShop.Solution", "NoName.NetShop.Solution\NoName.NetShop.Solution.csproj", "{FC5D2F43-5581-4456-BFE2-BEB12B83DBCA}"
EndProject
Project("{FAE04EC0-301F-11D3-BF4B-00C04F79EFBC}") = "NoName.NetShop.Search", "NoName.NetShop.Search\NoName.NetShop.Search.csproj", "{64669ACC-13C6-4F64-A7EF-D2137419BB93}"
EndProject
Project("{FAE04EC0-301F-11D3-BF4B-00C04F79EFBC}") = "NoName.NetShop.Publish", "NoName.NetShop.Publish\NoName.NetShop.Publish.csproj", "{352B33B7-FF04-4D6D-8C39-7CD9BA973671}"
EndProject
Project("{FAE04EC0-301F-11D3-BF4B-00C04F79EFBC}") = "NoName.NetShop.CommonAliPay", "NoName.NetShop.CommonAliPay\NoName.NetShop.CommonAliPay.csproj", "{DC0C57F8-B5FB-4201-ABD9-4AED54BA3DD3}"
EndProject
Global
	GlobalSection(SolutionConfigurationPlatforms) = preSolution
		Debug|Any CPU = Debug|Any CPU
		Release|Any CPU = Release|Any CPU
	EndGlobalSection
	GlobalSection(ProjectConfigurationPlatforms) = postSolution
		{63143058-448C-4D2C-A38A-BB24351E66BF}.Debug|Any CPU.ActiveCfg = Debug|Any CPU
		{63143058-448C-4D2C-A38A-BB24351E66BF}.Debug|Any CPU.Build.0 = Debug|Any CPU
		{63143058-448C-4D2C-A38A-BB24351E66BF}.Release|Any CPU.ActiveCfg = Release|Any CPU
		{63143058-448C-4D2C-A38A-BB24351E66BF}.Release|Any CPU.Build.0 = Release|Any CPU
		{E0634851-F221-461E-9C14-F71011119CC6}.Debug|Any CPU.ActiveCfg = Debug|Any CPU
		{E0634851-F221-461E-9C14-F71011119CC6}.Debug|Any CPU.Build.0 = Debug|Any CPU
		{E0634851-F221-461E-9C14-F71011119CC6}.Release|Any CPU.ActiveCfg = Release|Any CPU
		{E0634851-F221-461E-9C14-F71011119CC6}.Release|Any CPU.Build.0 = Release|Any CPU
		{D617F1CC-CA38-4D1E-97D2-5AB3D75352FD}.Debug|Any CPU.ActiveCfg = Debug|Any CPU
		{D617F1CC-CA38-4D1E-97D2-5AB3D75352FD}.Debug|Any CPU.Build.0 = Debug|Any CPU
		{D617F1CC-CA38-4D1E-97D2-5AB3D75352FD}.Release|Any CPU.ActiveCfg = Release|Any CPU
		{D617F1CC-CA38-4D1E-97D2-5AB3D75352FD}.Release|Any CPU.Build.0 = Release|Any CPU
		{9D56D4A2-A88C-4354-AABB-02F33E688238}.Debug|Any CPU.ActiveCfg = Debug|Any CPU
		{9D56D4A2-A88C-4354-AABB-02F33E688238}.Debug|Any CPU.Build.0 = Debug|Any CPU
		{9D56D4A2-A88C-4354-AABB-02F33E688238}.Release|Any CPU.ActiveCfg = Release|Any CPU
		{9D56D4A2-A88C-4354-AABB-02F33E688238}.Release|Any CPU.Build.0 = Release|Any CPU
		{FB5E556B-020E-4DA0-89E9-18DC4D0B28D0}.Debug|Any CPU.ActiveCfg = Debug|Any CPU
		{FB5E556B-020E-4DA0-89E9-18DC4D0B28D0}.Debug|Any CPU.Build.0 = Debug|Any CPU
		{FB5E556B-020E-4DA0-89E9-18DC4D0B28D0}.Release|Any CPU.ActiveCfg = Release|Any CPU
		{FB5E556B-020E-4DA0-89E9-18DC4D0B28D0}.Release|Any CPU.Build.0 = Release|Any CPU
		{29A4BE47-9ADF-443F-913D-6CCEAD2DD752}.Debug|Any CPU.ActiveCfg = Debug|Any CPU
		{29A4BE47-9ADF-443F-913D-6CCEAD2DD752}.Debug|Any CPU.Build.0 = Debug|Any CPU
		{29A4BE47-9ADF-443F-913D-6CCEAD2DD752}.Release|Any CPU.ActiveCfg = Release|Any CPU
		{29A4BE47-9ADF-443F-913D-6CCEAD2DD752}.Release|Any CPU.Build.0 = Release|Any CPU
		{9174CA78-8C26-4EC9-B327-F8A4D9D66495}.Debug|Any CPU.ActiveCfg = Debug|Any CPU
		{9174CA78-8C26-4EC9-B327-F8A4D9D66495}.Debug|Any CPU.Build.0 = Debug|Any CPU
		{9174CA78-8C26-4EC9-B327-F8A4D9D66495}.Release|Any CPU.ActiveCfg = Release|Any CPU
		{9174CA78-8C26-4EC9-B327-F8A4D9D66495}.Release|Any CPU.Build.0 = Release|Any CPU
		{94CA0650-A9A9-4778-A74A-6516D36A4D19}.Debug|Any CPU.ActiveCfg = Debug|Any CPU
		{94CA0650-A9A9-4778-A74A-6516D36A4D19}.Debug|Any CPU.Build.0 = Debug|Any CPU
		{94CA0650-A9A9-4778-A74A-6516D36A4D19}.Release|Any CPU.ActiveCfg = Release|Any CPU
		{94CA0650-A9A9-4778-A74A-6516D36A4D19}.Release|Any CPU.Build.0 = Release|Any CPU
		{6173CE29-5A4A-4E5B-B471-8F54D84560D0}.Debug|Any CPU.ActiveCfg = Debug|Any CPU
		{6173CE29-5A4A-4E5B-B471-8F54D84560D0}.Debug|Any CPU.Build.0 = Debug|Any CPU
		{6173CE29-5A4A-4E5B-B471-8F54D84560D0}.Release|Any CPU.ActiveCfg = Release|Any CPU
		{6173CE29-5A4A-4E5B-B471-8F54D84560D0}.Release|Any CPU.Build.0 = Release|Any CPU
		{8D7CC678-4587-4678-813E-142B507DC2AC}.Debug|Any CPU.ActiveCfg = Debug|Any CPU
		{8D7CC678-4587-4678-813E-142B507DC2AC}.Debug|Any CPU.Build.0 = Debug|Any CPU
		{8D7CC678-4587-4678-813E-142B507DC2AC}.Release|Any CPU.ActiveCfg = Release|Any CPU
		{8D7CC678-4587-4678-813E-142B507DC2AC}.Release|Any CPU.Build.0 = Release|Any CPU
		{6B1F4013-2FBB-4521-A36E-A0247FE0ED92}.Debug|Any CPU.ActiveCfg = Debug|Any CPU
		{6B1F4013-2FBB-4521-A36E-A0247FE0ED92}.Debug|Any CPU.Build.0 = Debug|Any CPU
		{6B1F4013-2FBB-4521-A36E-A0247FE0ED92}.Release|Any CPU.ActiveCfg = Release|Any CPU
		{6B1F4013-2FBB-4521-A36E-A0247FE0ED92}.Release|Any CPU.Build.0 = Release|Any CPU
		{71EBF181-74BC-4876-9BB4-1FBB0A524398}.Debug|Any CPU.ActiveCfg = Debug|Any CPU
		{71EBF181-74BC-4876-9BB4-1FBB0A524398}.Debug|Any CPU.Build.0 = Debug|Any CPU
		{71EBF181-74BC-4876-9BB4-1FBB0A524398}.Release|Any CPU.ActiveCfg = Release|Any CPU
		{71EBF181-74BC-4876-9BB4-1FBB0A524398}.Release|Any CPU.Build.0 = Release|Any CPU
		{41C3EAC7-BED3-4F38-9A51-F09111882773}.Debug|Any CPU.ActiveCfg = Debug|Any CPU
		{41C3EAC7-BED3-4F38-9A51-F09111882773}.Debug|Any CPU.Build.0 = Debug|Any CPU
		{41C3EAC7-BED3-4F38-9A51-F09111882773}.Release|Any CPU.ActiveCfg = Release|Any CPU
		{41C3EAC7-BED3-4F38-9A51-F09111882773}.Release|Any CPU.Build.0 = Release|Any CPU
		{44BE5878-2751-44BE-872F-3033F560324A}.Debug|Any CPU.ActiveCfg = Debug|Any CPU
		{44BE5878-2751-44BE-872F-3033F560324A}.Debug|Any CPU.Build.0 = Debug|Any CPU
		{44BE5878-2751-44BE-872F-3033F560324A}.Release|Any CPU.ActiveCfg = Release|Any CPU
		{44BE5878-2751-44BE-872F-3033F560324A}.Release|Any CPU.Build.0 = Release|Any CPU
		{041966F9-B3F1-4A07-8501-5EF8B650EAFB}.Debug|Any CPU.ActiveCfg = Debug|Any CPU
		{041966F9-B3F1-4A07-8501-5EF8B650EAFB}.Debug|Any CPU.Build.0 = Debug|Any CPU
		{041966F9-B3F1-4A07-8501-5EF8B650EAFB}.Release|Any CPU.ActiveCfg = Release|Any CPU
		{041966F9-B3F1-4A07-8501-5EF8B650EAFB}.Release|Any CPU.Build.0 = Release|Any CPU
		{FC5D2F43-5581-4456-BFE2-BEB12B83DBCA}.Debug|Any CPU.ActiveCfg = Debug|Any CPU
		{FC5D2F43-5581-4456-BFE2-BEB12B83DBCA}.Debug|Any CPU.Build.0 = Debug|Any CPU
		{FC5D2F43-5581-4456-BFE2-BEB12B83DBCA}.Release|Any CPU.ActiveCfg = Release|Any CPU
		{FC5D2F43-5581-4456-BFE2-BEB12B83DBCA}.Release|Any CPU.Build.0 = Release|Any CPU
		{64669ACC-13C6-4F64-A7EF-D2137419BB93}.Debug|Any CPU.ActiveCfg = Debug|Any CPU
		{64669ACC-13C6-4F64-A7EF-D2137419BB93}.Debug|Any CPU.Build.0 = Debug|Any CPU
		{64669ACC-13C6-4F64-A7EF-D2137419BB93}.Release|Any CPU.ActiveCfg = Release|Any CPU
		{64669ACC-13C6-4F64-A7EF-D2137419BB93}.Release|Any CPU.Build.0 = Release|Any CPU
		{352B33B7-FF04-4D6D-8C39-7CD9BA973671}.Debug|Any CPU.ActiveCfg = Debug|Any CPU
		{352B33B7-FF04-4D6D-8C39-7CD9BA973671}.Debug|Any CPU.Build.0 = Debug|Any CPU
		{352B33B7-FF04-4D6D-8C39-7CD9BA973671}.Release|Any CPU.ActiveCfg = Release|Any CPU
		{352B33B7-FF04-4D6D-8C39-7CD9BA973671}.Release|Any CPU.Build.0 = Release|Any CPU
		{DC0C57F8-B5FB-4201-ABD9-4AED54BA3DD3}.Debug|Any CPU.ActiveCfg = Debug|Any CPU
		{DC0C57F8-B5FB-4201-ABD9-4AED54BA3DD3}.Debug|Any CPU.Build.0 = Debug|Any CPU
		{DC0C57F8-B5FB-4201-ABD9-4AED54BA3DD3}.Release|Any CPU.ActiveCfg = Release|Any CPU
		{DC0C57F8-B5FB-4201-ABD9-4AED54BA3DD3}.Release|Any CPU.Build.0 = Release|Any CPU
	EndGlobalSection
	GlobalSection(SolutionProperties) = preSolution
		HideSolutionNode = FALSE
	EndGlobalSection
EndGlobal
